{
  "name": "name2lacinka",
  "lockfileVersion": 3,
  "requires": true,
  "packages": {
    "": {
      "dependencies": {
        "@skip405/bel-lat": "^2.0.1"
      }
    },
    "node_modules/@skip405/bel-lat": {
      "version": "2.0.1",
      "resolved": "https://registry.npmjs.org/@skip405/bel-lat/-/bel-lat-2.0.1.tgz",
      "integrity": "sha512-367t+LIG78a06MsEkcmegDzWtimC1MPCs09PQOtHWMxMT7cTvxcl6Jkm5lCI50FA1PxA6jLyXq4IqEkON6upLQ==",
      "license": "MIT",
      "engines": {
        "node": ">=12"
      }
    }
  }
}
